{
  "version": 1,
  "dependencies": {
    "net10.0": {
      "FSharp.Compiler.Service": {
        "type": "Direct",
        "requested": "[43.12.401, )",
        "resolved": "43.12.401",
        "contentHash": "pw8xfO19iFIxBhwtBTud/71bqCJJr/MKdbDrNjtv8x5eov0ArF0xwhVZIVAMMDz3mnoRP/cfvBshga21GjNwWg==",
        "dependencies": {
          "FSharp.Core": "[10.1.401]"
        }
      },
      "FSharp.Core": {
        "type": "Direct",
        "requested": "[10.1.401, 10.1.401]",
        "resolved": "10.1.401",
        "contentHash": "/lvOK51KD8IangBYkfDVna3/HrE/r4VUnX3dI01KDspctoYXmind3POeoYkqWKeXHwiKlf6Hc9TxwSnoSCWcjw=="
      },
      "Microsoft.CodeAnalysis.Analyzers": {
        "type": "Transitive",
        "resolved": "5.9.0-1.26328.17",
        "contentHash": "HP9NNk8ZjOSI2hgOyXnQg+kv7/X837Vr2nAlXiGAtqtYnYKjRRa1UmQFr8KFs5ynGYKqfbb8zB9APoWjiAGdMg=="
      },
      "Microsoft.CodeAnalysis.Common": {
        "type": "Transitive",
        "resolved": "5.9.0",
        "contentHash": "IYaIaUWdIx539AReKZOBEqTskFusZfCh/wFSPilDvCn5Say8MegLw2LONcSIcVy+v3Gzv53qYBspgvBGSErfbQ==",
        "dependencies": {
          "Microsoft.CodeAnalysis.Analyzers": "5.9.0-1.26328.17"
        }
      },
      "Microsoft.CodeAnalysis.CSharp": {
        "type": "Transitive",
        "resolved": "5.9.0",
        "contentHash": "7JGDA0UT1+h7k9ZcA3rF4eFC8+QPq1xyYaXxag4p8r/zzPurEJxvdi7aM+MRL/SfP7XADXpWF/pl/eUYXOq/ww==",
        "dependencies": {
          "Microsoft.CodeAnalysis.Analyzers": "5.9.0-1.26328.17",
          "Microsoft.CodeAnalysis.Common": "[5.9.0]"
        }
      },
      "Microsoft.CodeAnalysis.VisualBasic": {
        "type": "Transitive",
        "resolved": "5.9.0",
        "contentHash": "Z+MbJE5QLzgU1gt7q7HSQQ2LN6n3gewv/Evfp/Ya8VXd5pGeyFVEQpXbDsM6tuJJZ5eOQ/6q2wBV3rqMzpKG7g==",
        "dependencies": {
          "Microsoft.CodeAnalysis.Analyzers": "5.9.0-1.26328.17",
          "Microsoft.CodeAnalysis.Common": "[5.9.0]"
        }
      },
      "codeagent.roslyn": {
        "type": "Project",
        "dependencies": {
          "Microsoft.CodeAnalysis.CSharp": "[5.9.0, )",
          "Microsoft.CodeAnalysis.VisualBasic": "[5.9.0, )"
        }
      }
    }
  }
}